
Microsoft Visual Studio Solution File, Format Version 12.00
# Visual Studio Version 17
VisualStudioVersion = 17.14.36221.1
MinimumVisualStudioVersion = 10.0.40219.1
Project("{FAE04EC0-301F-11D3-BF4B-00C04F79EFBC}") = "IntelliTrans.Cli", "src\IntelliTrans.Cli\IntelliTrans.Cli.csproj", "{6B2CAB8A-8FF0-492A-9B18-D99FAF8F40CC}"
EndProject
Project("{FAE04EC0-301F-11D3-BF4B-00C04F79EFBC}") = "IntelliTrans.Database", "src\IntelliTrans.Database\IntelliTrans.Database.csproj", "{7F5360BE-1C21-4C58-924D-F5ABEF861A80}"
EndProject
Project("{FAE04EC0-301F-11D3-BF4B-00C04F79EFBC}") = "IntelliTrans.Migrations.Sqlite", "src\IntelliTrans.Migrations.Sqlite\IntelliTrans.Migrations.Sqlite.csproj", "{3AFF1583-00F0-49F2-986F-60C7BBCD7885}"
EndProject
Project("{FAE04EC0-301F-11D3-BF4B-00C04F79EFBC}") = "IntelliTrans.Migrations.Postgres", "src\IntelliTrans.Migrations.Postgres\IntelliTrans.Migrations.Postgres.csproj", "{21394BDB-FFE7-4841-92DC-457C602233F8}"
EndProject
Project("{FAE04EC0-301F-11D3-BF4B-00C04F79EFBC}") = "IntelliTrans.Core", "src\IntelliTrans.Core\IntelliTrans.Core.csproj", "{4994767C-AEA7-4A9E-ABE2-3E4E634F1FCD}"
EndProject
Global
	GlobalSection(SolutionConfigurationPlatforms) = preSolution
		Debug|Any CPU = Debug|Any CPU
		Release|Any CPU = Release|Any CPU
	EndGlobalSection
	GlobalSection(ProjectConfigurationPlatforms) = postSolution
		{6B2CAB8A-8FF0-492A-9B18-D99FAF8F40CC}.Debug|Any CPU.ActiveCfg = Debug|Any CPU
		{6B2CAB8A-8FF0-492A-9B18-D99FAF8F40CC}.Debug|Any CPU.Build.0 = Debug|Any CPU
		{6B2CAB8A-8FF0-492A-9B18-D99FAF8F40CC}.Release|Any CPU.ActiveCfg = Release|Any CPU
		{6B2CAB8A-8FF0-492A-9B18-D99FAF8F40CC}.Release|Any CPU.Build.0 = Release|Any CPU
		{7F5360BE-1C21-4C58-924D-F5ABEF861A80}.Debug|Any CPU.ActiveCfg = Debug|Any CPU
		{7F5360BE-1C21-4C58-924D-F5ABEF861A80}.Debug|Any CPU.Build.0 = Debug|Any CPU
		{7F5360BE-1C21-4C58-924D-F5ABEF861A80}.Release|Any CPU.ActiveCfg = Release|Any CPU
		{7F5360BE-1C21-4C58-924D-F5ABEF861A80}.Release|Any CPU.Build.0 = Release|Any CPU
		{3AFF1583-00F0-49F2-986F-60C7BBCD7885}.Debug|Any CPU.ActiveCfg = Debug|Any CPU
		{3AFF1583-00F0-49F2-986F-60C7BBCD7885}.Debug|Any CPU.Build.0 = Debug|Any CPU
		{3AFF1583-00F0-49F2-986F-60C7BBCD7885}.Release|Any CPU.ActiveCfg = Release|Any CPU
		{3AFF1583-00F0-49F2-986F-60C7BBCD7885}.Release|Any CPU.Build.0 = Release|Any CPU
		{21394BDB-FFE7-4841-92DC-457C602233F8}.Debug|Any CPU.ActiveCfg = Debug|Any CPU
		{21394BDB-FFE7-4841-92DC-457C602233F8}.Debug|Any CPU.Build.0 = Debug|Any CPU
		{21394BDB-FFE7-4841-92DC-457C602233F8}.Release|Any CPU.ActiveCfg = Release|Any CPU
		{21394BDB-FFE7-4841-92DC-457C602233F8}.Release|Any CPU.Build.0 = Release|Any CPU
		{4994767C-AEA7-4A9E-ABE2-3E4E634F1FCD}.Debug|Any CPU.ActiveCfg = Debug|Any CPU
		{4994767C-AEA7-4A9E-ABE2-3E4E634F1FCD}.Debug|Any CPU.Build.0 = Debug|Any CPU
		{4994767C-AEA7-4A9E-ABE2-3E4E634F1FCD}.Release|Any CPU.ActiveCfg = Release|Any CPU
		{4994767C-AEA7-4A9E-ABE2-3E4E634F1FCD}.Release|Any CPU.Build.0 = Release|Any CPU
	EndGlobalSection
	GlobalSection(SolutionProperties) = preSolution
		HideSolutionNode = FALSE
	EndGlobalSection
	GlobalSection(ExtensibilityGlobals) = postSolution
		SolutionGuid = {EBA46481-732D-44A7-9E5C-9848531C96B0}
	EndGlobalSection
EndGlobal
